
Microsoft Visual Studio Solution File, Format Version 12.00
# Visual Studio Version 16
VisualStudioVersion = 16.0.31424.327
MinimumVisualStudioVersion = 10.0.40219.1
Project("{FAE04EC0-301F-11D3-BF4B-00C04F79EFBC}") = "BlazorServer", "BlazorServer\BlazorServer.csproj", "{510D6AD6-1720-4485-8417-25DB34FCA34B}"
EndProject
Global
	GlobalSection(SolutionConfigurationPlatforms) = preSolution
		Debug|Any CPU = Debug|Any CPU
		Release|Any CPU = Release|Any CPU
	EndGlobalSection
	GlobalSection(ProjectConfigurationPlatforms) = postSolution
		{510D6AD6-1720-4485-8417-25DB34FCA34B}.Debug|Any CPU.ActiveCfg = Debug|Any CPU
		{510D6AD6-1720-4485-8417-25DB34FCA34B}.Debug|Any CPU.Build.0 = Debug|Any CPU
		{510D6AD6-1720-4485-8417-25DB34FCA34B}.Release|Any CPU.ActiveCfg = Release|Any CPU
		{510D6AD6-1720-4485-8417-25DB34FCA34B}.Release|Any CPU.Build.0 = Release|Any CPU
	EndGlobalSection
	GlobalSection(SolutionProperties) = preSolution
		HideSolutionNode = FALSE
	EndGlobalSection
	GlobalSection(ExtensibilityGlobals) = postSolution
		SolutionGuid = {2C7EE6D2-B885-4214-A382-112A0F5EE70D}
	EndGlobalSection
EndGlobal
