
Microsoft Visual Studio Solution File, Format Version 12.00
# Visual Studio Version 17
VisualStudioVersion = 17.0.31912.275
MinimumVisualStudioVersion = 10.0.40219.1
Project("{9A19103F-16F7-4668-BE54-9A1E7A4F7556}") = "BlazorStandaloneAAD", "BlazorStandaloneAAD\BlazorStandaloneAAD.csproj", "{9EB8EA81-82EB-4D8E-B5FA-E9596CA0EC17}"
EndProject
Global
	GlobalSection(SolutionConfigurationPlatforms) = preSolution
		Debug|Any CPU = Debug|Any CPU
		Release|Any CPU = Release|Any CPU
	EndGlobalSection
	GlobalSection(ProjectConfigurationPlatforms) = postSolution
		{9EB8EA81-82EB-4D8E-B5FA-E9596CA0EC17}.Debug|Any CPU.ActiveCfg = Debug|Any CPU
		{9EB8EA81-82EB-4D8E-B5FA-E9596CA0EC17}.Debug|Any CPU.Build.0 = Debug|Any CPU
		{9EB8EA81-82EB-4D8E-B5FA-E9596CA0EC17}.Release|Any CPU.ActiveCfg = Release|Any CPU
		{9EB8EA81-82EB-4D8E-B5FA-E9596CA0EC17}.Release|Any CPU.Build.0 = Release|Any CPU
	EndGlobalSection
	GlobalSection(SolutionProperties) = preSolution
		HideSolutionNode = FALSE
	EndGlobalSection
	GlobalSection(ExtensibilityGlobals) = postSolution
		SolutionGuid = {D7846366-B712-4C96-BEAE-5E26AA6E6417}
	EndGlobalSection
EndGlobal
